// !$*UTF8*$!
{
	archiveVersion = 1;
	classes = {
	};
	objectVersion = 50;
	objects = {

/* Begin PBXBuildFile section */
		6072828525ED2153002B3ACA /* AppDelegate.swift in Sources */ = {isa = PBXBuildFile; fileRef = 6072828425ED2153002B3ACA /* AppDelegate.swift */; };
		6072828725ED2153002B3ACA /* SceneDelegate.swift in Sources */ = {isa = PBXBuildFile; fileRef = 6072828625ED2153002B3ACA /* SceneDelegate.swift */; };
		6072828925ED2153002B3ACA /* ViewController.swift in Sources */ = {isa = PBXBuildFile; fileRef = 6072828825ED2153002B3ACA /* ViewController.swift */; };
		6072828C25ED2153002B3ACA /* Main.storyboard in Resources */ = {isa = PBXBuildFile; fileRef = 6072828A25ED2153002B3ACA /* Main.storyboard */; };
		6072828E25ED2155002B3ACA /* Assets.xcassets in Resources */ = {isa = PBXBuildFile; fileRef = 6072828D25ED2155002B3ACA /* Assets.xcassets */; };
		6072829125ED2155002B3ACA /* LaunchScreen.storyboard in Resources */ = {isa = PBXBuildFile; fileRef = 6072828F25ED2155002B3ACA /* LaunchScreen.storyboard */; };
		608314DF25FE186D006E9B1B /* DynamicLabelViewController.swift in Sources */ = {isa = PBXBuildFile; fileRef = 608314DE25FE186D006E9B1B /* DynamicLabelViewController.swift */; };
		60E5214725F5031B003189A3 /* UILabel+Extension.swift in Sources */ = {isa = PBXBuildFile; fileRef = 60E5214625F5031B003189A3 /* UILabel+Extension.swift */; };
/* End PBXBuildFile section */

/* Begin PBXFileReference section */
		6072828125ED2153002B3ACA /* AttributedLabelSample.app */ = {isa = PBXFileReference; explicitFileType = wrapper.application; includeInIndex = 0; path = AttributedLabelSample.app; sourceTree = BUILT_PRODUCTS_DIR; };
		6072828425ED2153002B3ACA /* AppDelegate.swift */ = {isa = PBXFileReference; lastKnownFileType = sourcecode.swift; path = AppDelegate.swift; sourceTree = "<group>"; };
		6072828625ED2153002B3ACA /* SceneDelegate.swift */ = {isa = PBXFileReference; lastKnownFileType = sourcecode.swift; path = SceneDelegate.swift; sourceTree = "<group>"; };
		6072828825ED2153002B3ACA /* ViewController.swift */ = {isa = PBXFileReference; lastKnownFileType = sourcecode.swift; path = ViewController.swift; sourceTree = "<group>"; };
		6072828B25ED2153002B3ACA /* Base */ = {isa = PBXFileReference; lastKnownFileType = file.storyboard; name = Base; path = Base.lproj/Main.storyboard; sourceTree = "<group>"; };
		6072828D25ED2155002B3ACA /* Assets.xcassets */ = {isa = PBXFileReference; lastKnownFileType = folder.assetcatalog; path = Assets.xcassets; sourceTree = "<group>"; };
		6072829025ED2155002B3ACA /* Base */ = {isa = PBXFileReference; lastKnownFileType = file.storyboard; name = Base; path = Base.lproj/LaunchScreen.storyboard; sourceTree = "<group>"; };
		6072829225ED2155002B3ACA /* Info.plist */ = {isa = PBXFileReference; lastKnownFileType = text.plist.xml; path = Info.plist; sourceTree = "<group>"; };
		608314DE25FE186D006E9B1B /* DynamicLabelViewController.swift */ = {isa = PBXFileReference; lastKnownFileType = sourcecode.swift; path = DynamicLabelViewController.swift; sourceTree = "<group>"; };
		60E5214625F5031B003189A3 /* UILabel+Extension.swift */ = {isa = PBXFileReference; lastKnownFileType = sourcecode.swift; path = "UILabel+Extension.swift"; sourceTree = "<group>"; };
/* End PBXFileReference section */

/* Begin PBXFrameworksBuildPhase section */
		6072827E25ED2153002B3ACA /* Frameworks */ = {
			isa = PBXFrameworksBuildPhase;
			buildActionMask = 2147483647;
			files = (
			);
			runOnlyForDeploymentPostprocessing = 0;
		};
/* End PBXFrameworksBuildPhase section */

/* Begin PBXGroup section */
		6072827825ED2153002B3ACA = {
			isa = PBXGroup;
			children = (
				6072828325ED2153002B3ACA /* AttributedLabelSample */,
				6072828225ED2153002B3ACA /* Products */,
			);
			sourceTree = "<group>";
		};
		6072828225ED2153002B3ACA /* Products */ = {
			isa = PBXGroup;
			children = (
				6072828125ED2153002B3ACA /* AttributedLabelSample.app */,
			);
			name = Products;
			sourceTree = "<group>";
		};
		6072828325ED2153002B3ACA /* AttributedLabelSample */ = {
			isa = PBXGroup;
			children = (
				6072828425ED2153002B3ACA /* AppDelegate.swift */,
				6072828625ED2153002B3ACA /* SceneDelegate.swift */,
				6072828825ED2153002B3ACA /* ViewController.swift */,
				6072828A25ED2153002B3ACA /* Main.storyboard */,
				6072828D25ED2155002B3ACA /* Assets.xcassets */,
				6072828F25ED2155002B3ACA /* LaunchScreen.storyboard */,
				6072829225ED2155002B3ACA /* Info.plist */,
				60E5214625F5031B003189A3 /* UILabel+Extension.swift */,
				608314DE25FE186D006E9B1B /* DynamicLabelViewController.swift */,
			);
			path = AttributedLabelSample;
			sourceTree = "<group>";
		};
/* End PBXGroup section */

/* Begin PBXNativeTarget section */
		6072828025ED2153002B3ACA /* AttributedLabelSample */ = {
			isa = PBXNativeTarget;
			buildConfigurationList = 6072829525ED2155002B3ACA /* Build configuration list for PBXNativeTarget "AttributedLabelSample" */;
			buildPhases = (
				6072827D25ED2153002B3ACA /* Sources */,
				6072827E25ED2153002B3ACA /* Frameworks */,
				6072827F25ED2153002B3ACA /* Resources */,
			);
			buildRules = (
			);
			dependencies = (
			);
			name = AttributedLabelSample;
			productName = AttributedLabelSample;
			productReference = 6072828125ED2153002B3ACA /* AttributedLabelSample.app */;
			productType = "com.apple.product-type.application";
		};
/* End PBXNativeTarget section */

/* Begin PBXProject section */
		6072827925ED2153002B3ACA /* Project object */ = {
			isa = PBXProject;
			attributes = {
				LastSwiftUpdateCheck = 1230;
				LastUpgradeCheck = 1230;
				TargetAttributes = {
					6072828025ED2153002B3ACA = {
						CreatedOnToolsVersion = 12.3;
					};
				};
			};
			buildConfigurationList = 6072827C25ED2153002B3ACA /* Build configuration list for PBXProject "AttributedLabelSample" */;
			compatibilityVersion = "Xcode 9.3";
			developmentRegion = en;
			hasScannedForEncodings = 0;
			knownRegions = (
				en,
				Base,
			);
			mainGroup = 6072827825ED2153002B3ACA;
			productRefGroup = 6072828225ED2153002B3ACA /* Products */;
			projectDirPath = "";
			projectRoot = "";
			targets = (
				6072828025ED2153002B3ACA /* AttributedLabelSample */,
			);
		};
/* End PBXProject section */

/* Begin PBXResourcesBuildPhase section */
		6072827F25ED2153002B3ACA /* Resources */ = {
			isa = PBXResourcesBuildPhase;
			buildActionMask = 2147483647;
			files = (
				6072829125ED2155002B3ACA /* LaunchScreen.storyboard in Resources */,
				6072828E25ED2155002B3ACA /* Assets.xcassets in Resources */,
				6072828C25ED2153002B3ACA /* Main.storyboard in Resources */,
			);
			runOnlyForDeploymentPostprocessing = 0;
		};
/* End PBXResourcesBuildPhase section */

/* Begin PBXSourcesBuildPhase section */
		6072827D25ED2153002B3ACA /* Sources */ = {
			isa = PBXSourcesBuildPhase;
			buildActionMask = 2147483647;
			files = (
				60E5214725F5031B003189A3 /* UILabel+Extension.swift in Sources */,
				6072828925ED2153002B3ACA /* ViewController.swift in Sources */,
				608314DF25FE186D006E9B1B /* DynamicLabelViewController.swift in Sources */,
				6072828525ED2153002B3ACA /* AppDelegate.swift in Sources */,
				6072828725ED2153002B3ACA /* SceneDelegate.swift in Sources */,
			);
			runOnlyForDeploymentPostprocessing = 0;
		};
/* End PBXSourcesBuildPhase section */

/* Begin PBXVariantGroup section */
		6072828A25ED2153002B3ACA /* Main.storyboard */ = {
			isa = PBXVariantGroup;
			children = (
				6072828B25ED2153002B3ACA /* Base */,
			);
			name = Main.storyboard;
			sourceTree = "<group>";
		};
		6072828F25ED2155002B3ACA /* LaunchScreen.storyboard */ = {
			isa = PBXVariantGroup;
			children = (
				6072829025ED2155002B3ACA /* Base */,
			);
			name = LaunchScreen.storyboard;
			sourceTree = "<group>";
		};
/* End PBXVariantGroup section */

/* Begin XCBuildConfiguration section */
		6072829325ED2155002B3ACA /* Debug */ = {
			isa = XCBuildConfiguration;
			buildSettings = {
				ALWAYS_SEARCH_USER_PATHS = NO;
				CLANG_ANALYZER_NONNULL = YES;
				CLANG_ANALYZER_NUMBER_OBJECT_CONVERSION = YES_AGGRESSIVE;
				CLANG_CXX_LANGUAGE_STANDARD = "gnu++14";
				CLANG_CXX_LIBRARY = "libc++";
				CLANG_ENABLE_MODULES = YES;
				CLANG_ENABLE_OBJC_ARC = YES;
				CLANG_ENABLE_OBJC_WEAK = YES;
				CLANG_WARN_BLOCK_CAPTURE_AUTORELEASING = YES;
				CLANG_WARN_BOOL_CONVERSION = YES;
				CLANG_WARN_COMMA = YES;
				CLANG_WARN_CONSTANT_CONVERSION = YES;
				CLANG_WARN_DEPRECATED_OBJC_IMPLEMENTATIONS = YES;
				CLANG_WARN_DIRECT_OBJC_ISA_USAGE = YES_ERROR;
				CLANG_WARN_DOCUMENTATION_COMMENTS = YES;
				CLANG_WARN_EMPTY_BODY = YES;
				CLANG_WARN_ENUM_CONVERSION = YES;
				CLANG_WARN_INFINITE_RECURSION = YES;
				CLANG_WARN_INT_CONVERSION = YES;
				CLANG_WARN_NON_LITERAL_NULL_CONVERSION = YES;
				CLANG_WARN_OBJC_IMPLICIT_RETAIN_SELF = YES;
				CLANG_WARN_OBJC_LITERAL_CONVERSION = YES;
				CLANG_WARN_OBJC_ROOT_CLASS = YES_ERROR;
				CLANG_WARN_QUOTED_INCLUDE_IN_FRAMEWORK_HEADER = YES;
				CLANG_WARN_RANGE_LOOP_ANALYSIS = YES;
				CLANG_WARN_STRICT_PROTOTYPES = YES;
				CLANG_WARN_SUSPICIOUS_MOVE = YES;
				CLANG_WARN_UNGUARDED_AVAILABILITY = YES_AGGRESSIVE;
				CLANG_WARN_UNREACHABLE_CODE = YES;
				CLANG_WARN__DUPLICATE_METHOD_MATCH = YES;
				COPY_PHASE_STRIP = NO;
				DEBUG_INFORMATION_FORMAT = dwarf;
				ENABLE_STRICT_OBJC_MSGSEND = YES;
				ENABLE_TESTABILITY = YES;
				GCC_C_LANGUAGE_STANDARD = gnu11;
				GCC_DYNAMIC_NO_PIC = NO;
				GCC_NO_COMMON_BLOCKS = YES;
				GCC_OPTIMIZATION_LEVEL = 0;
				GCC_PREPROCESSOR_DEFINITIONS = (
					"DEBUG=1",
					"$(inherited)",
				);
				GCC_WARN_64_TO_32_BIT_CONVERSION = YES;
				GCC_WARN_ABOUT_RETURN_TYPE = YES_ERROR;
				GCC_WARN_UNDECLARED_SELECTOR = YES;
				GCC_WARN_UNINITIALIZED_AUTOS = YES_AGGRESSIVE;
				GCC_WARN_UNUSED_FUNCTION = YES;
				GCC_WARN_UNUSED_VARIABLE = YES;
				IPHONEOS_DEPLOYMENT_TARGET = 14.3;
				MTL_ENABLE_DEBUG_INFO = INCLUDE_SOURCE;
				MTL_FAST_MATH = YES;
				ONLY_ACTIVE_ARCH = YES;
				SDKROOT = iphoneos;
				SWIFT_ACTIVE_COMPILATION_CONDITIONS = DEBUG;
				SWIFT_OPTIMIZATION_LEVEL = "-Onone";
			};
			name = Debug;
		};
		6072829425ED2155002B3ACA /* Release */ = {
			isa = XCBuildConfiguration;
			buildSettings = {
				ALWAYS_SEARCH_USER_PATHS = NO;
				CLANG_ANALYZER_NONNULL = YES;
				CLANG_ANALYZER_NUMBER_OBJECT_CONVERSION = YES_AGGRESSIVE;
				CLANG_CXX_LANGUAGE_STANDARD = "gnu++14";
				CLANG_CXX_LIBRARY = "libc++";
				CLANG_ENABLE_MODULES = YES;
				CLANG_ENABLE_OBJC_ARC = YES;
				CLANG_ENABLE_OBJC_WEAK = YES;
				CLANG_WARN_BLOCK_CAPTURE_AUTORELEASING = YES;
				CLANG_WARN_BOOL_CONVERSION = YES;
				CLANG_WARN_COMMA = YES;
				CLANG_WARN_CONSTANT_CONVERSION = YES;
				CLANG_WARN_DEPRECATED_OBJC_IMPLEMENTATIONS = YES;
				CLANG_WARN_DIRECT_OBJC_ISA_USAGE = YES_ERROR;
				CLANG_WARN_DOCUMENTATION_COMMENTS = YES;
				CLANG_WARN_EMPTY_BODY = YES;
				CLANG_WARN_ENUM_CONVERSION = YES;
				CLANG_WARN_INFINITE_RECURSION = YES;
				CLANG_WARN_INT_CONVERSION = YES;
				CLANG_WARN_NON_LITERAL_NULL_CONVERSION = YES;
				CLANG_WARN_OBJC_IMPLICIT_RETAIN_SELF = YES;
				CLANG_WARN_OBJC_LITERAL_CONVERSION = YES;
				CLANG_WARN_OBJC_ROOT_CLASS = YES_ERROR;
				CLANG_WARN_QUOTED_INCLUDE_IN_FRAMEWORK_HEADER = YES;
				CLANG_WARN_RANGE_LOOP_ANALYSIS = YES;
				CLANG_WARN_STRICT_PROTOTYPES = YES;
				CLANG_WARN_SUSPICIOUS_MOVE = YES;
				CLANG_WARN_UNGUARDED_AVAILABILITY = YES_AGGRESSIVE;
				CLANG_WARN_UNREACHABLE_CODE = YES;
				CLANG_WARN__DUPLICATE_METHOD_MATCH = YES;
				COPY_PHASE_STRIP = NO;
				DEBUG_INFORMATION_FORMAT = "dwarf-with-dsym";
				ENABLE_NS_ASSERTIONS = NO;
				ENABLE_STRICT_OBJC_MSGSEND = YES;
				GCC_C_LANGUAGE_STANDARD = gnu11;
				GCC_NO_COMMON_BLOCKS = YES;
				GCC_WARN_64_TO_32_BIT_CONVERSION = YES;
				GCC_WARN_ABOUT_RETURN_TYPE = YES_ERROR;
				GCC_WARN_UNDECLARED_SELECTOR = YES;
				GCC_WARN_UNINITIALIZED_AUTOS = YES_AGGRESSIVE;
				GCC_WARN_UNUSED_FUNCTION = YES;
				GCC_WARN_UNUSED_VARIABLE = YES;
				IPHONEOS_DEPLOYMENT_TARGET = 14.3;
				MTL_ENABLE_DEBUG_INFO = NO;
				MTL_FAST_MATH = YES;
				SDKROOT = iphoneos;
				SWIFT_COMPILATION_MODE = wholemodule;
				SWIFT_OPTIMIZATION_LEVEL = "-O";
				VALIDATE_PRODUCT = YES;
			};
			name = Release;
		};
		6072829625ED2155002B3ACA /* Debug */ = {
			isa = XCBuildConfiguration;
			buildSettings = {
				ASSETCATALOG_COMPILER_APPICON_NAME = AppIcon;
				ASSETCATALOG_COMPILER_GLOBAL_ACCENT_COLOR_NAME = AccentColor;
				CODE_SIGN_STYLE = Automatic;
				INFOPLIST_FILE = AttributedLabelSample/Info.plist;
				IPHONEOS_DEPLOYMENT_TARGET = 14.0;
				LD_RUNPATH_SEARCH_PATHS = (
					"$(inherited)",
					"@executable_path/Frameworks",
				);
				PRODUCT_BUNDLE_IDENTIFIER = com.delma.AttributedLabelSample;
				PRODUCT_NAME = "$(TARGET_NAME)";
				SWIFT_VERSION = 5.0;
				TARGETED_DEVICE_FAMILY = "1,2";
			};
			name = Debug;
		};
		6072829725ED2155002B3ACA /* Release */ = {
			isa = XCBuildConfiguration;
			buildSettings = {
				ASSETCATALOG_COMPILER_APPICON_NAME = AppIcon;
				ASSETCATALOG_COMPILER_GLOBAL_ACCENT_COLOR_NAME = AccentColor;
				CODE_SIGN_STYLE = Automatic;
				INFOPLIST_FILE = AttributedLabelSample/Info.plist;
				IPHONEOS_DEPLOYMENT_TARGET = 14.0;
				LD_RUNPATH_SEARCH_PATHS = (
					"$(inherited)",
					"@executable_path/Frameworks",
				);
				PRODUCT_BUNDLE_IDENTIFIER = com.delma.AttributedLabelSample;
				PRODUCT_NAME = "$(TARGET_NAME)";
				SWIFT_VERSION = 5.0;
				TARGETED_DEVICE_FAMILY = "1,2";
			};
			name = Release;
		};
/* End XCBuildConfiguration section */

/* Begin XCConfigurationList section */
		6072827C25ED2153002B3ACA /* Build configuration list for PBXProject "AttributedLabelSample" */ = {
			isa = XCConfigurationList;
			buildConfigurations = (
				6072829325ED2155002B3ACA /* Debug */,
				6072829425ED2155002B3ACA /* Release */,
			);
			defaultConfigurationIsVisible = 0;
			defaultConfigurationName = Release;
		};
		6072829525ED2155002B3ACA /* Build configuration list for PBXNativeTarget "AttributedLabelSample" */ = {
			isa = XCConfigurationList;
			buildConfigurations = (
				6072829625ED2155002B3ACA /* Debug */,
				6072829725ED2155002B3ACA /* Release */,
			);
			defaultConfigurationIsVisible = 0;
			defaultConfigurationName = Release;
		};
/* End XCConfigurationList section */
	};
	rootObject = 6072827925ED2153002B3ACA /* Project object */;
}
